
Microsoft Visual Studio Solution File, Format Version 12.00
# Visual Studio 15
VisualStudioVersion = 15.0.28010.2036
MinimumVisualStudioVersion = 10.0.40219.1
Project("{FAE04EC0-301F-11D3-BF4B-00C04F79EFBC}") = "ExplorerTreeView", "ExplorerTreeView.csproj", "{EFDF5A6B-6572-4A49-BD59-35EEC4176C24}"
EndProject
Project("{FAE04EC0-301F-11D3-BF4B-00C04F79EFBC}") = "Demo", "..\Demo\Demo.csproj", "{693BD1D0-EEA2-4833-9730-212E10FA0460}"
EndProject
Global
	GlobalSection(SolutionConfigurationPlatforms) = preSolution
		Debug|Any CPU = Debug|Any CPU
		Release|Any CPU = Release|Any CPU
	EndGlobalSection
	GlobalSection(ProjectConfigurationPlatforms) = postSolution
		{EFDF5A6B-6572-4A49-BD59-35EEC4176C24}.Debug|Any CPU.ActiveCfg = Debug|Any CPU
		{EFDF5A6B-6572-4A49-BD59-35EEC4176C24}.Debug|Any CPU.Build.0 = Debug|Any CPU
		{EFDF5A6B-6572-4A49-BD59-35EEC4176C24}.Release|Any CPU.ActiveCfg = Release|Any CPU
		{EFDF5A6B-6572-4A49-BD59-35EEC4176C24}.Release|Any CPU.Build.0 = Release|Any CPU
		{693BD1D0-EEA2-4833-9730-212E10FA0460}.Debug|Any CPU.ActiveCfg = Debug|Any CPU
		{693BD1D0-EEA2-4833-9730-212E10FA0460}.Debug|Any CPU.Build.0 = Debug|Any CPU
		{693BD1D0-EEA2-4833-9730-212E10FA0460}.Release|Any CPU.ActiveCfg = Release|Any CPU
		{693BD1D0-EEA2-4833-9730-212E10FA0460}.Release|Any CPU.Build.0 = Release|Any CPU
	EndGlobalSection
	GlobalSection(SolutionProperties) = preSolution
		HideSolutionNode = FALSE
	EndGlobalSection
	GlobalSection(ExtensibilityGlobals) = postSolution
		SolutionGuid = {4208B379-994A-40DC-8973-01FBCEDD9555}
	EndGlobalSection
EndGlobal
